
Microsoft Visual Studio Solution File, Format Version 12.00
# Visual Studio Version 17
VisualStudioVersion = 17.5.33414.496
MinimumVisualStudioVersion = 10.0.40219.1
Project("{FAE04EC0-301F-11D3-BF4B-00C04F79EFBC}") = "DishesAPI", "DishesAPI\DishesAPI.csproj", "{2A6BAD83-AD6B-4CE7-BC6A-EB37C37CEEDD}"
EndProject
Global
	GlobalSection(SolutionConfigurationPlatforms) = preSolution
		Debug|Any CPU = Debug|Any CPU
		Release|Any CPU = Release|Any CPU
	EndGlobalSection
	GlobalSection(ProjectConfigurationPlatforms) = postSolution
		{2A6BAD83-AD6B-4CE7-BC6A-EB37C37CEEDD}.Debug|Any CPU.ActiveCfg = Debug|Any CPU
		{2A6BAD83-AD6B-4CE7-BC6A-EB37C37CEEDD}.Debug|Any CPU.Build.0 = Debug|Any CPU
		{2A6BAD83-AD6B-4CE7-BC6A-EB37C37CEEDD}.Release|Any CPU.ActiveCfg = Release|Any CPU
		{2A6BAD83-AD6B-4CE7-BC6A-EB37C37CEEDD}.Release|Any CPU.Build.0 = Release|Any CPU
	EndGlobalSection
	GlobalSection(SolutionProperties) = preSolution
		HideSolutionNode = FALSE
	EndGlobalSection
	GlobalSection(ExtensibilityGlobals) = postSolution
		SolutionGuid = {6C678F3D-05DC-43E7-8058-269BD6721794}
	EndGlobalSection
EndGlobal
